// !$*UTF8*$!
{
	archiveVersion = 1;
	classes = {
	};
	objectVersion = 56;
	objects = {

/* Begin PBXBuildFile section */
		65142E262996D86D003FACC3 /* Teacher Files.swift in Sources */ = {isa = PBXBuildFile; fileRef = 65142E252996D86D003FACC3 /* Teacher Files.swift */; };
		65217574299ACEDD000A04F9 /* MedicalViewController.swift in Sources */ = {isa = PBXBuildFile; fileRef = 65217573299ACEDD000A04F9 /* MedicalViewController.swift */; };
		65217580299C1A85000A04F9 /* StudentHelpResources.swift in Sources */ = {isa = PBXBuildFile; fileRef = 6521757F299C1A85000A04F9 /* StudentHelpResources.swift */; };
		65217582299C1AAE000A04F9 /* StudentHelpTableViewController.swift in Sources */ = {isa = PBXBuildFile; fileRef = 65217581299C1AAE000A04F9 /* StudentHelpTableViewController.swift */; };
		65217584299C1AD2000A04F9 /* ViewControllerResource.swift in Sources */ = {isa = PBXBuildFile; fileRef = 65217583299C1AD2000A04F9 /* ViewControllerResource.swift */; };
		65217586299C1AFB000A04F9 /* ViewControllerHelps.swift in Sources */ = {isa = PBXBuildFile; fileRef = 65217585299C1AFB000A04F9 /* ViewControllerHelps.swift */; };
		65266EE129942125001778AF /* AdminViewController.swift in Sources */ = {isa = PBXBuildFile; fileRef = 65266EE029942125001778AF /* AdminViewController.swift */; };
		656FE02F2992D0D5002BAEEF /* TeacherViewController.swift in Sources */ = {isa = PBXBuildFile; fileRef = 656FE02E2992D0D5002BAEEF /* TeacherViewController.swift */; };
		656FE0312992EA50002BAEEF /* CounselorViewController.swift in Sources */ = {isa = PBXBuildFile; fileRef = 656FE0302992EA50002BAEEF /* CounselorViewController.swift */; };
		65D052B429844E4600BB5A5C /* AppDelegate.swift in Sources */ = {isa = PBXBuildFile; fileRef = 65D052B329844E4600BB5A5C /* AppDelegate.swift */; };
		65D052B629844E4600BB5A5C /* SceneDelegate.swift in Sources */ = {isa = PBXBuildFile; fileRef = 65D052B529844E4600BB5A5C /* SceneDelegate.swift */; };
		65D052B829844E4600BB5A5C /* ViewController.swift in Sources */ = {isa = PBXBuildFile; fileRef = 65D052B729844E4600BB5A5C /* ViewController.swift */; };
		65D052BB29844E4600BB5A5C /* Main.storyboard in Resources */ = {isa = PBXBuildFile; fileRef = 65D052B929844E4600BB5A5C /* Main.storyboard */; };
		65D052BD29844E4700BB5A5C /* Assets.xcassets in Resources */ = {isa = PBXBuildFile; fileRef = 65D052BC29844E4700BB5A5C /* Assets.xcassets */; };
		65D052C029844E4700BB5A5C /* LaunchScreen.storyboard in Resources */ = {isa = PBXBuildFile; fileRef = 65D052BE29844E4700BB5A5C /* LaunchScreen.storyboard */; };
		65D052C8298B2E4500BB5A5C /* MapsViewController.swift in Sources */ = {isa = PBXBuildFile; fileRef = 65D052C7298B2E4500BB5A5C /* MapsViewController.swift */; };
		65D052CA298B2FBC00BB5A5C /* QuickLinksViewController.swift in Sources */ = {isa = PBXBuildFile; fileRef = 65D052C9298B2FBC00BB5A5C /* QuickLinksViewController.swift */; };
		65D052CC298B315500BB5A5C /* ScheduleViewController.swift in Sources */ = {isa = PBXBuildFile; fileRef = 65D052CB298B315500BB5A5C /* ScheduleViewController.swift */; };
		65D052CE298B337500BB5A5C /* CalendarViewController.swift in Sources */ = {isa = PBXBuildFile; fileRef = 65D052CD298B337500BB5A5C /* CalendarViewController.swift */; };
		65D052D0298B342500BB5A5C /* SettingsViewController.swift in Sources */ = {isa = PBXBuildFile; fileRef = 65D052CF298B342500BB5A5C /* SettingsViewController.swift */; };
/* End PBXBuildFile section */

/* Begin PBXFileReference section */
		65142E252996D86D003FACC3 /* Teacher Files.swift */ = {isa = PBXFileReference; lastKnownFileType = sourcecode.swift; path = "Teacher Files.swift"; sourceTree = "<group>"; };
		65217573299ACEDD000A04F9 /* MedicalViewController.swift */ = {isa = PBXFileReference; lastKnownFileType = sourcecode.swift; path = MedicalViewController.swift; sourceTree = "<group>"; };
		6521757F299C1A85000A04F9 /* StudentHelpResources.swift */ = {isa = PBXFileReference; lastKnownFileType = sourcecode.swift; path = StudentHelpResources.swift; sourceTree = "<group>"; };
		65217581299C1AAE000A04F9 /* StudentHelpTableViewController.swift */ = {isa = PBXFileReference; lastKnownFileType = sourcecode.swift; path = StudentHelpTableViewController.swift; sourceTree = "<group>"; };
		65217583299C1AD2000A04F9 /* ViewControllerResource.swift */ = {isa = PBXFileReference; lastKnownFileType = sourcecode.swift; path = ViewControllerResource.swift; sourceTree = "<group>"; };
		65217585299C1AFB000A04F9 /* ViewControllerHelps.swift */ = {isa = PBXFileReference; lastKnownFileType = sourcecode.swift; path = ViewControllerHelps.swift; sourceTree = "<group>"; };
		65266EE029942125001778AF /* AdminViewController.swift */ = {isa = PBXFileReference; lastKnownFileType = sourcecode.swift; path = AdminViewController.swift; sourceTree = "<group>"; };
		656FE02E2992D0D5002BAEEF /* TeacherViewController.swift */ = {isa = PBXFileReference; lastKnownFileType = sourcecode.swift; path = TeacherViewController.swift; sourceTree = "<group>"; };
		656FE0302992EA50002BAEEF /* CounselorViewController.swift */ = {isa = PBXFileReference; lastKnownFileType = sourcecode.swift; path = CounselorViewController.swift; sourceTree = "<group>"; };
		65D052B029844E4600BB5A5C /* Student Central v2.app */ = {isa = PBXFileReference; explicitFileType = wrapper.application; includeInIndex = 0; path = "Student Central v2.app"; sourceTree = BUILT_PRODUCTS_DIR; };
		65D052B329844E4600BB5A5C /* AppDelegate.swift */ = {isa = PBXFileReference; lastKnownFileType = sourcecode.swift; path = AppDelegate.swift; sourceTree = "<group>"; };
		65D052B529844E4600BB5A5C /* SceneDelegate.swift */ = {isa = PBXFileReference; lastKnownFileType = sourcecode.swift; path = SceneDelegate.swift; sourceTree = "<group>"; };
		65D052B729844E4600BB5A5C /* ViewController.swift */ = {isa = PBXFileReference; lastKnownFileType = sourcecode.swift; path = ViewController.swift; sourceTree = "<group>"; };
		65D052BA29844E4600BB5A5C /* Base */ = {isa = PBXFileReference; lastKnownFileType = file.storyboard; name = Base; path = Base.lproj/Main.storyboard; sourceTree = "<group>"; };
		65D052BC29844E4700BB5A5C /* Assets.xcassets */ = {isa = PBXFileReference; lastKnownFileType = folder.assetcatalog; path = Assets.xcassets; sourceTree = "<group>"; };
		65D052BF29844E4700BB5A5C /* Base */ = {isa = PBXFileReference; lastKnownFileType = file.storyboard; name = Base; path = Base.lproj/LaunchScreen.storyboard; sourceTree = "<group>"; };
		65D052C129844E4700BB5A5C /* Info.plist */ = {isa = PBXFileReference; lastKnownFileType = text.plist.xml; path = Info.plist; sourceTree = "<group>"; };
		65D052C7298B2E4500BB5A5C /* MapsViewController.swift */ = {isa = PBXFileReference; lastKnownFileType = sourcecode.swift; path = MapsViewController.swift; sourceTree = "<group>"; };
		65D052C9298B2FBC00BB5A5C /* QuickLinksViewController.swift */ = {isa = PBXFileReference; lastKnownFileType = sourcecode.swift; path = QuickLinksViewController.swift; sourceTree = "<group>"; };
		65D052CB298B315500BB5A5C /* ScheduleViewController.swift */ = {isa = PBXFileReference; lastKnownFileType = sourcecode.swift; path = ScheduleViewController.swift; sourceTree = "<group>"; };
		65D052CD298B337500BB5A5C /* CalendarViewController.swift */ = {isa = PBXFileReference; lastKnownFileType = sourcecode.swift; path = CalendarViewController.swift; sourceTree = "<group>"; };
		65D052CF298B342500BB5A5C /* SettingsViewController.swift */ = {isa = PBXFileReference; lastKnownFileType = sourcecode.swift; path = SettingsViewController.swift; sourceTree = "<group>"; };
/* End PBXFileReference section */

/* Begin PBXFrameworksBuildPhase section */
		65D052AD29844E4600BB5A5C /* Frameworks */ = {
			isa = PBXFrameworksBuildPhase;
			buildActionMask = 2147483647;
			files = (
			);
			runOnlyForDeploymentPostprocessing = 0;
		};
/* End PBXFrameworksBuildPhase section */

/* Begin PBXGroup section */
		65266EE229942E28001778AF /* Contact */ = {
			isa = PBXGroup;
			children = (
				656FE02E2992D0D5002BAEEF /* TeacherViewController.swift */,
				656FE0302992EA50002BAEEF /* CounselorViewController.swift */,
				65266EE029942125001778AF /* AdminViewController.swift */,
			);
			path = Contact;
			sourceTree = "<group>";
		};
		65B174742996DBFA00B8E0BD /* Resources */ = {
			isa = PBXGroup;
			children = (
				65217573299ACEDD000A04F9 /* MedicalViewController.swift */,
				6521757F299C1A85000A04F9 /* StudentHelpResources.swift */,
				65142E252996D86D003FACC3 /* Teacher Files.swift */,
				65217581299C1AAE000A04F9 /* StudentHelpTableViewController.swift */,
				65217583299C1AD2000A04F9 /* ViewControllerResource.swift */,
				65217585299C1AFB000A04F9 /* ViewControllerHelps.swift */,
			);
			path = Resources;
			sourceTree = "<group>";
		};
		65C019FD29958CCC002E1AC7 /* Home Screen Buttons */ = {
			isa = PBXGroup;
			children = (
				65D052C7298B2E4500BB5A5C /* MapsViewController.swift */,
				65D052CF298B342500BB5A5C /* SettingsViewController.swift */,
				65D052CD298B337500BB5A5C /* CalendarViewController.swift */,
				65D052C9298B2FBC00BB5A5C /* QuickLinksViewController.swift */,
				65D052CB298B315500BB5A5C /* ScheduleViewController.swift */,
			);
			path = "Home Screen Buttons";
			sourceTree = "<group>";
		};
		65D052A729844E4600BB5A5C = {
			isa = PBXGroup;
			children = (
				65D052B229844E4600BB5A5C /* Student Central v2 */,
				65D052B129844E4600BB5A5C /* Products */,
			);
			sourceTree = "<group>";
		};
		65D052B129844E4600BB5A5C /* Products */ = {
			isa = PBXGroup;
			children = (
				65D052B029844E4600BB5A5C /* Student Central v2.app */,
			);
			name = Products;
			sourceTree = "<group>";
		};
		65D052B229844E4600BB5A5C /* Student Central v2 */ = {
			isa = PBXGroup;
			children = (
				65D052B329844E4600BB5A5C /* AppDelegate.swift */,
				65D052B529844E4600BB5A5C /* SceneDelegate.swift */,
				65D052B729844E4600BB5A5C /* ViewController.swift */,
				65B174742996DBFA00B8E0BD /* Resources */,
				65C019FD29958CCC002E1AC7 /* Home Screen Buttons */,
				65266EE229942E28001778AF /* Contact */,
				65D052B929844E4600BB5A5C /* Main.storyboard */,
				65D052BC29844E4700BB5A5C /* Assets.xcassets */,
				65D052BE29844E4700BB5A5C /* LaunchScreen.storyboard */,
				65D052C129844E4700BB5A5C /* Info.plist */,
			);
			path = "Student Central v2";
			sourceTree = "<group>";
		};
/* End PBXGroup section */

/* Begin PBXNativeTarget section */
		65D052AF29844E4600BB5A5C /* Student Central v2 */ = {
			isa = PBXNativeTarget;
			buildConfigurationList = 65D052C429844E4700BB5A5C /* Build configuration list for PBXNativeTarget "Student Central v2" */;
			buildPhases = (
				65D052AC29844E4600BB5A5C /* Sources */,
				65D052AD29844E4600BB5A5C /* Frameworks */,
				65D052AE29844E4600BB5A5C /* Resources */,
			);
			buildRules = (
			);
			dependencies = (
			);
			name = "Student Central v2";
			productName = "Student Central v2";
			productReference = 65D052B029844E4600BB5A5C /* Student Central v2.app */;
			productType = "com.apple.product-type.application";
		};
/* End PBXNativeTarget section */

/* Begin PBXProject section */
		65D052A829844E4600BB5A5C /* Project object */ = {
			isa = PBXProject;
			attributes = {
				BuildIndependentTargetsInParallel = 1;
				LastSwiftUpdateCheck = 1420;
				LastUpgradeCheck = 1420;
				TargetAttributes = {
					65D052AF29844E4600BB5A5C = {
						CreatedOnToolsVersion = 14.2;
					};
				};
			};
			buildConfigurationList = 65D052AB29844E4600BB5A5C /* Build configuration list for PBXProject "Student Central v2" */;
			compatibilityVersion = "Xcode 14.0";
			developmentRegion = en;
			hasScannedForEncodings = 0;
			knownRegions = (
				en,
				Base,
			);
			mainGroup = 65D052A729844E4600BB5A5C;
			productRefGroup = 65D052B129844E4600BB5A5C /* Products */;
			projectDirPath = "";
			projectRoot = "";
			targets = (
				65D052AF29844E4600BB5A5C /* Student Central v2 */,
			);
		};
/* End PBXProject section */

/* Begin PBXResourcesBuildPhase section */
		65D052AE29844E4600BB5A5C /* Resources */ = {
			isa = PBXResourcesBuildPhase;
			buildActionMask = 2147483647;
			files = (
				65D052C029844E4700BB5A5C /* LaunchScreen.storyboard in Resources */,
				65D052BD29844E4700BB5A5C /* Assets.xcassets in Resources */,
				65D052BB29844E4600BB5A5C /* Main.storyboard in Resources */,
			);
			runOnlyForDeploymentPostprocessing = 0;
		};
/* End PBXResourcesBuildPhase section */

/* Begin PBXSourcesBuildPhase section */
		65D052AC29844E4600BB5A5C /* Sources */ = {
			isa = PBXSourcesBuildPhase;
			buildActionMask = 2147483647;
			files = (
				65266EE129942125001778AF /* AdminViewController.swift in Sources */,
				65D052B829844E4600BB5A5C /* ViewController.swift in Sources */,
				65217582299C1AAE000A04F9 /* StudentHelpTableViewController.swift in Sources */,
				65D052B429844E4600BB5A5C /* AppDelegate.swift in Sources */,
				65D052B629844E4600BB5A5C /* SceneDelegate.swift in Sources */,
				65217580299C1A85000A04F9 /* StudentHelpResources.swift in Sources */,
				65D052CC298B315500BB5A5C /* ScheduleViewController.swift in Sources */,
				65142E262996D86D003FACC3 /* Teacher Files.swift in Sources */,
				656FE0312992EA50002BAEEF /* CounselorViewController.swift in Sources */,
				65D052CA298B2FBC00BB5A5C /* QuickLinksViewController.swift in Sources */,
				65217586299C1AFB000A04F9 /* ViewControllerHelps.swift in Sources */,
				65D052CE298B337500BB5A5C /* CalendarViewController.swift in Sources */,
				656FE02F2992D0D5002BAEEF /* TeacherViewController.swift in Sources */,
				65D052C8298B2E4500BB5A5C /* MapsViewController.swift in Sources */,
				65D052D0298B342500BB5A5C /* SettingsViewController.swift in Sources */,
				65217584299C1AD2000A04F9 /* ViewControllerResource.swift in Sources */,
				65217574299ACEDD000A04F9 /* MedicalViewController.swift in Sources */,
			);
			runOnlyForDeploymentPostprocessing = 0;
		};
/* End PBXSourcesBuildPhase section */

/* Begin PBXVariantGroup section */
		65D052B929844E4600BB5A5C /* Main.storyboard */ = {
			isa = PBXVariantGroup;
			children = (
				65D052BA29844E4600BB5A5C /* Base */,
			);
			name = Main.storyboard;
			sourceTree = "<group>";
		};
		65D052BE29844E4700BB5A5C /* LaunchScreen.storyboard */ = {
			isa = PBXVariantGroup;
			children = (
				65D052BF29844E4700BB5A5C /* Base */,
			);
			name = LaunchScreen.storyboard;
			sourceTree = "<group>";
		};
/* End PBXVariantGroup section */

/* Begin XCBuildConfiguration section */
		65D052C229844E4700BB5A5C /* Debug */ = {
			isa = XCBuildConfiguration;
			buildSettings = {
				ALWAYS_SEARCH_USER_PATHS = NO;
				CLANG_ANALYZER_NONNULL = YES;
				CLANG_ANALYZER_NUMBER_OBJECT_CONVERSION = YES_AGGRESSIVE;
				CLANG_CXX_LANGUAGE_STANDARD = "gnu++20";
				CLANG_ENABLE_MODULES = YES;
				CLANG_ENABLE_OBJC_ARC = YES;
				CLANG_ENABLE_OBJC_WEAK = YES;
				CLANG_WARN_BLOCK_CAPTURE_AUTORELEASING = YES;
				CLANG_WARN_BOOL_CONVERSION = YES;
				CLANG_WARN_COMMA = YES;
				CLANG_WARN_CONSTANT_CONVERSION = YES;
				CLANG_WARN_DEPRECATED_OBJC_IMPLEMENTATIONS = YES;
				CLANG_WARN_DIRECT_OBJC_ISA_USAGE = YES_ERROR;
				CLANG_WARN_DOCUMENTATION_COMMENTS = YES;
				CLANG_WARN_EMPTY_BODY = YES;
				CLANG_WARN_ENUM_CONVERSION = YES;
				CLANG_WARN_INFINITE_RECURSION = YES;
				CLANG_WARN_INT_CONVERSION = YES;
				CLANG_WARN_NON_LITERAL_NULL_CONVERSION = YES;
				CLANG_WARN_OBJC_IMPLICIT_RETAIN_SELF = YES;
				CLANG_WARN_OBJC_LITERAL_CONVERSION = YES;
				CLANG_WARN_OBJC_ROOT_CLASS = YES_ERROR;
				CLANG_WARN_QUOTED_INCLUDE_IN_FRAMEWORK_HEADER = YES;
				CLANG_WARN_RANGE_LOOP_ANALYSIS = YES;
				CLANG_WARN_STRICT_PROTOTYPES = YES;
				CLANG_WARN_SUSPICIOUS_MOVE = YES;
				CLANG_WARN_UNGUARDED_AVAILABILITY = YES_AGGRESSIVE;
				CLANG_WARN_UNREACHABLE_CODE = YES;
				CLANG_WARN__DUPLICATE_METHOD_MATCH = YES;
				COPY_PHASE_STRIP = NO;
				DEBUG_INFORMATION_FORMAT = dwarf;
				ENABLE_STRICT_OBJC_MSGSEND = YES;
				ENABLE_TESTABILITY = YES;
				GCC_C_LANGUAGE_STANDARD = gnu11;
				GCC_DYNAMIC_NO_PIC = NO;
				GCC_NO_COMMON_BLOCKS = YES;
				GCC_OPTIMIZATION_LEVEL = 0;
				GCC_PREPROCESSOR_DEFINITIONS = (
					"DEBUG=1",
					"$(inherited)",
				);
				GCC_WARN_64_TO_32_BIT_CONVERSION = YES;
				GCC_WARN_ABOUT_RETURN_TYPE = YES_ERROR;
				GCC_WARN_UNDECLARED_SELECTOR = YES;
				GCC_WARN_UNINITIALIZED_AUTOS = YES_AGGRESSIVE;
				GCC_WARN_UNUSED_FUNCTION = YES;
				GCC_WARN_UNUSED_VARIABLE = YES;
				IPHONEOS_DEPLOYMENT_TARGET = 16.2;
				MTL_ENABLE_DEBUG_INFO = INCLUDE_SOURCE;
				MTL_FAST_MATH = YES;
				ONLY_ACTIVE_ARCH = YES;
				SDKROOT = iphoneos;
				SWIFT_ACTIVE_COMPILATION_CONDITIONS = DEBUG;
				SWIFT_OPTIMIZATION_LEVEL = "-Onone";
			};
			name = Debug;
		};
		65D052C329844E4700BB5A5C /* Release */ = {
			isa = XCBuildConfiguration;
			buildSettings = {
				ALWAYS_SEARCH_USER_PATHS = NO;
				CLANG_ANALYZER_NONNULL = YES;
				CLANG_ANALYZER_NUMBER_OBJECT_CONVERSION = YES_AGGRESSIVE;
				CLANG_CXX_LANGUAGE_STANDARD = "gnu++20";
				CLANG_ENABLE_MODULES = YES;
				CLANG_ENABLE_OBJC_ARC = YES;
				CLANG_ENABLE_OBJC_WEAK = YES;
				CLANG_WARN_BLOCK_CAPTURE_AUTORELEASING = YES;
				CLANG_WARN_BOOL_CONVERSION = YES;
				CLANG_WARN_COMMA = YES;
				CLANG_WARN_CONSTANT_CONVERSION = YES;
				CLANG_WARN_DEPRECATED_OBJC_IMPLEMENTATIONS = YES;
				CLANG_WARN_DIRECT_OBJC_ISA_USAGE = YES_ERROR;
				CLANG_WARN_DOCUMENTATION_COMMENTS = YES;
				CLANG_WARN_EMPTY_BODY = YES;
				CLANG_WARN_ENUM_CONVERSION = YES;
				CLANG_WARN_INFINITE_RECURSION = YES;
				CLANG_WARN_INT_CONVERSION = YES;
				CLANG_WARN_NON_LITERAL_NULL_CONVERSION = YES;
				CLANG_WARN_OBJC_IMPLICIT_RETAIN_SELF = YES;
				CLANG_WARN_OBJC_LITERAL_CONVERSION = YES;
				CLANG_WARN_OBJC_ROOT_CLASS = YES_ERROR;
				CLANG_WARN_QUOTED_INCLUDE_IN_FRAMEWORK_HEADER = YES;
				CLANG_WARN_RANGE_LOOP_ANALYSIS = YES;
				CLANG_WARN_STRICT_PROTOTYPES = YES;
				CLANG_WARN_SUSPICIOUS_MOVE = YES;
				CLANG_WARN_UNGUARDED_AVAILABILITY = YES_AGGRESSIVE;
				CLANG_WARN_UNREACHABLE_CODE = YES;
				CLANG_WARN__DUPLICATE_METHOD_MATCH = YES;
				COPY_PHASE_STRIP = NO;
				DEBUG_INFORMATION_FORMAT = "dwarf-with-dsym";
				ENABLE_NS_ASSERTIONS = NO;
				ENABLE_STRICT_OBJC_MSGSEND = YES;
				GCC_C_LANGUAGE_STANDARD = gnu11;
				GCC_NO_COMMON_BLOCKS = YES;
				GCC_WARN_64_TO_32_BIT_CONVERSION = YES;
				GCC_WARN_ABOUT_RETURN_TYPE = YES_ERROR;
				GCC_WARN_UNDECLARED_SELECTOR = YES;
				GCC_WARN_UNINITIALIZED_AUTOS = YES_AGGRESSIVE;
				GCC_WARN_UNUSED_FUNCTION = YES;
				GCC_WARN_UNUSED_VARIABLE = YES;
				IPHONEOS_DEPLOYMENT_TARGET = 16.2;
				MTL_ENABLE_DEBUG_INFO = NO;
				MTL_FAST_MATH = YES;
				SDKROOT = iphoneos;
				SWIFT_COMPILATION_MODE = wholemodule;
				SWIFT_OPTIMIZATION_LEVEL = "-O";
				VALIDATE_PRODUCT = YES;
			};
			name = Release;
		};
		65D052C529844E4700BB5A5C /* Debug */ = {
			isa = XCBuildConfiguration;
			buildSettings = {
				ASSETCATALOG_COMPILER_APPICON_NAME = AppIcon;
				ASSETCATALOG_COMPILER_GLOBAL_ACCENT_COLOR_NAME = AccentColor;
				CODE_SIGN_STYLE = Automatic;
				CURRENT_PROJECT_VERSION = 1;
				DEVELOPMENT_TEAM = FPP8KJ4225;
				GENERATE_INFOPLIST_FILE = YES;
				INFOPLIST_FILE = "Student Central v2/Info.plist";
				INFOPLIST_KEY_UIApplicationSupportsIndirectInputEvents = YES;
				INFOPLIST_KEY_UILaunchStoryboardName = LaunchScreen;
				INFOPLIST_KEY_UIMainStoryboardFile = Main;
				INFOPLIST_KEY_UISupportedInterfaceOrientations_iPad = "UIInterfaceOrientationPortrait UIInterfaceOrientationPortraitUpsideDown UIInterfaceOrientationLandscapeLeft UIInterfaceOrientationLandscapeRight";
				INFOPLIST_KEY_UISupportedInterfaceOrientations_iPhone = "UIInterfaceOrientationPortrait UIInterfaceOrientationLandscapeLeft UIInterfaceOrientationLandscapeRight";
				LD_RUNPATH_SEARCH_PATHS = (
					"$(inherited)",
					"@executable_path/Frameworks",
				);
				MARKETING_VERSION = 1.0;
				PRODUCT_BUNDLE_IDENTIFIER = "com.coppellisd.Student-Central-v2";
				PRODUCT_NAME = "$(TARGET_NAME)";
				SUPPORTED_PLATFORMS = "iphoneos iphonesimulator";
				SUPPORTS_MACCATALYST = NO;
				SUPPORTS_MAC_DESIGNED_FOR_IPHONE_IPAD = NO;
				SWIFT_EMIT_LOC_STRINGS = YES;
				SWIFT_VERSION = 5.0;
				TARGETED_DEVICE_FAMILY = 2;
			};
			name = Debug;
		};
		65D052C629844E4700BB5A5C /* Release */ = {
			isa = XCBuildConfiguration;
			buildSettings = {
				ASSETCATALOG_COMPILER_APPICON_NAME = AppIcon;
				ASSETCATALOG_COMPILER_GLOBAL_ACCENT_COLOR_NAME = AccentColor;
				CODE_SIGN_STYLE = Automatic;
				CURRENT_PROJECT_VERSION = 1;
				DEVELOPMENT_TEAM = FPP8KJ4225;
				GENERATE_INFOPLIST_FILE = YES;
				INFOPLIST_FILE = "Student Central v2/Info.plist";
				INFOPLIST_KEY_UIApplicationSupportsIndirectInputEvents = YES;
				INFOPLIST_KEY_UILaunchStoryboardName = LaunchScreen;
				INFOPLIST_KEY_UIMainStoryboardFile = Main;
				INFOPLIST_KEY_UISupportedInterfaceOrientations_iPad = "UIInterfaceOrientationPortrait UIInterfaceOrientationPortraitUpsideDown UIInterfaceOrientationLandscapeLeft UIInterfaceOrientationLandscapeRight";
				INFOPLIST_KEY_UISupportedInterfaceOrientations_iPhone = "UIInterfaceOrientationPortrait UIInterfaceOrientationLandscapeLeft UIInterfaceOrientationLandscapeRight";
				LD_RUNPATH_SEARCH_PATHS = (
					"$(inherited)",
					"@executable_path/Frameworks",
				);
				MARKETING_VERSION = 1.0;
				PRODUCT_BUNDLE_IDENTIFIER = "com.coppellisd.Student-Central-v2";
				PRODUCT_NAME = "$(TARGET_NAME)";
				SUPPORTED_PLATFORMS = "iphoneos iphonesimulator";
				SUPPORTS_MACCATALYST = NO;
				SUPPORTS_MAC_DESIGNED_FOR_IPHONE_IPAD = NO;
				SWIFT_EMIT_LOC_STRINGS = YES;
				SWIFT_VERSION = 5.0;
				TARGETED_DEVICE_FAMILY = 2;
			};
			name = Release;
		};
/* End XCBuildConfiguration section */

/* Begin XCConfigurationList section */
		65D052AB29844E4600BB5A5C /* Build configuration list for PBXProject "Student Central v2" */ = {
			isa = XCConfigurationList;
			buildConfigurations = (
				65D052C229844E4700BB5A5C /* Debug */,
				65D052C329844E4700BB5A5C /* Release */,
			);
			defaultConfigurationIsVisible = 0;
			defaultConfigurationName = Release;
		};
		65D052C429844E4700BB5A5C /* Build configuration list for PBXNativeTarget "Student Central v2" */ = {
			isa = XCConfigurationList;
			buildConfigurations = (
				65D052C529844E4700BB5A5C /* Debug */,
				65D052C629844E4700BB5A5C /* Release */,
			);
			defaultConfigurationIsVisible = 0;
			defaultConfigurationName = Release;
		};
/* End XCConfigurationList section */
	};
	rootObject = 65D052A829844E4600BB5A5C /* Project object */;
}
